
Microsoft Visual Studio Solution File, Format Version 12.00
# Visual Studio 14
VisualStudioVersion = 14.0.23107.0
MinimumVisualStudioVersion = 10.0.40219.1
Project("{FAE04EC0-301F-11D3-BF4B-00C04F79EFBC}") = "Destination2.WebUi.Home", "Destination2.WebUi.Home\Destination2.WebUi.Home.csproj", "{4D74154B-1FCC-49A5-996B-E243E41EDB5A}"
EndProject
Project("{FAE04EC0-301F-11D3-BF4B-00C04F79EFBC}") = "Destination2.WebUi", "Destination2.WebUi\Destination2.WebUi.csproj", "{E5F38582-0EFF-47B7-8AA6-67DF89B7DEA5}"
EndProject
Global
	GlobalSection(SolutionConfigurationPlatforms) = preSolution
		Debug|Any CPU = Debug|Any CPU
		Release|Any CPU = Release|Any CPU
	EndGlobalSection
	GlobalSection(ProjectConfigurationPlatforms) = postSolution
		{4D74154B-1FCC-49A5-996B-E243E41EDB5A}.Debug|Any CPU.ActiveCfg = Debug|Any CPU
		{4D74154B-1FCC-49A5-996B-E243E41EDB5A}.Debug|Any CPU.Build.0 = Debug|Any CPU
		{4D74154B-1FCC-49A5-996B-E243E41EDB5A}.Release|Any CPU.ActiveCfg = Release|Any CPU
		{4D74154B-1FCC-49A5-996B-E243E41EDB5A}.Release|Any CPU.Build.0 = Release|Any CPU
		{E5F38582-0EFF-47B7-8AA6-67DF89B7DEA5}.Debug|Any CPU.ActiveCfg = Debug|Any CPU
		{E5F38582-0EFF-47B7-8AA6-67DF89B7DEA5}.Debug|Any CPU.Build.0 = Debug|Any CPU
		{E5F38582-0EFF-47B7-8AA6-67DF89B7DEA5}.Release|Any CPU.ActiveCfg = Release|Any CPU
		{E5F38582-0EFF-47B7-8AA6-67DF89B7DEA5}.Release|Any CPU.Build.0 = Release|Any CPU
	EndGlobalSection
	GlobalSection(SolutionProperties) = preSolution
		HideSolutionNode = FALSE
	EndGlobalSection
EndGlobal
